
Microsoft Visual Studio Solution File, Format Version 12.00
# Visual Studio Version 17
VisualStudioVersion = 17.7.34302.85
MinimumVisualStudioVersion = 10.0.40219.1
Project("{9A19103F-16F7-4668-BE54-9A1E7A4F7556}") = "MartasCode", "MartasCode\MartasCode.csproj", "{70760A42-6031-4BDF-A71E-486E101A1583}"
EndProject
Project("{FAE04EC0-301F-11D3-BF4B-00C04F79EFBC}") = "OOPExample", "OOPExample\OOPExample.csproj", "{FE5E4D38-E2D8-411B-98F3-C1EB51B1C08D}"
EndProject
Global
	GlobalSection(SolutionConfigurationPlatforms) = preSolution
		Debug|Any CPU = Debug|Any CPU
		Release|Any CPU = Release|Any CPU
	EndGlobalSection
	GlobalSection(ProjectConfigurationPlatforms) = postSolution
		{70760A42-6031-4BDF-A71E-486E101A1583}.Debug|Any CPU.ActiveCfg = Debug|Any CPU
		{70760A42-6031-4BDF-A71E-486E101A1583}.Debug|Any CPU.Build.0 = Debug|Any CPU
		{70760A42-6031-4BDF-A71E-486E101A1583}.Release|Any CPU.ActiveCfg = Release|Any CPU
		{70760A42-6031-4BDF-A71E-486E101A1583}.Release|Any CPU.Build.0 = Release|Any CPU
		{FE5E4D38-E2D8-411B-98F3-C1EB51B1C08D}.Debug|Any CPU.ActiveCfg = Debug|Any CPU
		{FE5E4D38-E2D8-411B-98F3-C1EB51B1C08D}.Debug|Any CPU.Build.0 = Debug|Any CPU
		{FE5E4D38-E2D8-411B-98F3-C1EB51B1C08D}.Release|Any CPU.ActiveCfg = Release|Any CPU
		{FE5E4D38-E2D8-411B-98F3-C1EB51B1C08D}.Release|Any CPU.Build.0 = Release|Any CPU
	EndGlobalSection
	GlobalSection(SolutionProperties) = preSolution
		HideSolutionNode = FALSE
	EndGlobalSection
	GlobalSection(ExtensibilityGlobals) = postSolution
		SolutionGuid = {5EFFA00A-9549-46A1-8589-4581719D0B1D}
	EndGlobalSection
EndGlobal
